
Microsoft Visual Studio Solution File, Format Version 12.00
# Visual Studio 14
VisualStudioVersion = 14.0.25123.0
MinimumVisualStudioVersion = 10.0.40219.1
Project("{FAE04EC0-301F-11D3-BF4B-00C04F79EFBC}") = "PortableDataAccessLayer", "PortableDataAccessLayer\PortableDataAccessLayer.csproj", "{4D8E4F1C-3EB7-4F1A-97B8-785D8D227B60}"
EndProject
Project("{FAE04EC0-301F-11D3-BF4B-00C04F79EFBC}") = "PortableDataAccessLayerTester", "PortableDataAccessLayerTester\PortableDataAccessLayerTester.csproj", "{097304FB-CC92-48E4-9ACA-61349F9CCD06}"
EndProject
Project("{FAE04EC0-301F-11D3-BF4B-00C04F79EFBC}") = "PortableDataAccessLayerTests", "PortableDataAccessLayerTests\PortableDataAccessLayerTests.csproj", "{02058E96-E293-4CAB-A268-831717A02D10}"
EndProject
Global
	GlobalSection(SolutionConfigurationPlatforms) = preSolution
		Debug|Any CPU = Debug|Any CPU
		Release|Any CPU = Release|Any CPU
	EndGlobalSection
	GlobalSection(ProjectConfigurationPlatforms) = postSolution
		{4D8E4F1C-3EB7-4F1A-97B8-785D8D227B60}.Debug|Any CPU.ActiveCfg = Debug|Any CPU
		{4D8E4F1C-3EB7-4F1A-97B8-785D8D227B60}.Debug|Any CPU.Build.0 = Debug|Any CPU
		{4D8E4F1C-3EB7-4F1A-97B8-785D8D227B60}.Release|Any CPU.ActiveCfg = Release|Any CPU
		{4D8E4F1C-3EB7-4F1A-97B8-785D8D227B60}.Release|Any CPU.Build.0 = Release|Any CPU
		{097304FB-CC92-48E4-9ACA-61349F9CCD06}.Debug|Any CPU.ActiveCfg = Debug|Any CPU
		{097304FB-CC92-48E4-9ACA-61349F9CCD06}.Debug|Any CPU.Build.0 = Debug|Any CPU
		{097304FB-CC92-48E4-9ACA-61349F9CCD06}.Release|Any CPU.ActiveCfg = Release|Any CPU
		{097304FB-CC92-48E4-9ACA-61349F9CCD06}.Release|Any CPU.Build.0 = Release|Any CPU
		{02058E96-E293-4CAB-A268-831717A02D10}.Debug|Any CPU.ActiveCfg = Debug|Any CPU
		{02058E96-E293-4CAB-A268-831717A02D10}.Debug|Any CPU.Build.0 = Debug|Any CPU
		{02058E96-E293-4CAB-A268-831717A02D10}.Release|Any CPU.ActiveCfg = Release|Any CPU
		{02058E96-E293-4CAB-A268-831717A02D10}.Release|Any CPU.Build.0 = Release|Any CPU
	EndGlobalSection
	GlobalSection(SolutionProperties) = preSolution
		HideSolutionNode = FALSE
	EndGlobalSection
EndGlobal
